github.com/kfuku1634/hogemodule v0.0.2 h1:/0xDSAg391CPbFuRuo9WhIbLJQH3EMP1SnN++/kfNZM=
github.com/kfuku1634/hogemodule v0.0.2/go.mod h1:KYIPHN9djEsP87+U100uTRNR411l4d4Z9B5Ht3nrK7g=
github.com/kfuku1634/hogemodule v0.0.4 h1:GVtv/pCxX1PnuKMgZkGAnFTW8fvyymN7o6Bmv5Q7ql8=
github.com/kfuku1634/hogemodule v0.0.4/go.mod h1:KYIPHN9djEsP87+U100uTRNR411l4d4Z9B5Ht3nrK7g=
github.com/kfuku1634/hogemodule v0.0.5 h1:gmuCcD/+b1tXKvdR+z43/aicYsUXCeRXeQ8bsG0IJIs=
github.com/kfuku1634/hogemodule v0.0.5/go.mod h1:KYIPHN9djEsP87+U100uTRNR411l4d4Z9B5Ht3nrK7g=
github.com/kfuku1634/hogemodule v0.0.6 h1:djlGquA72BQvOfuYQsg6YU5F/iAL22Zg/bomjsOOkEI=
github.com/kfuku1634/hogemodule v0.0.6/go.mod h1:KYIPHN9djEsP87+U100uTRNR411l4d4Z9B5Ht3nrK7g=
